Microsoft Visual Studio Solution File, Format Version 12.00
# Visual Studio Version 16
VisualStudioVersion = 16.0.30413.136
MinimumVisualStudioVersion = 10.0.40219.1
Project("{9A19103F-16F7-4668-BE54-9A1E7A4F7556}") = "BookShop.Domain", "BookShop.Domain\BookShop.Domain.csproj", "{DB2C5B28-CE46-4145-A988-13C85F840E5D}"
EndProject
Project("{9A19103F-16F7-4668-BE54-9A1E7A4F7556}") = "BookShop.Application", "BookShop.Application\BookShop.Application.csproj", "{0A169A69-4E8E-4F89-ABC9-60141A0F268C}"
EndProject
Project("{9A19103F-16F7-4668-BE54-9A1E7A4F7556}") = "BookShop.Infrastructure", "BookShop.Infrastructure\BookShop.Infrastructure.csproj", "{F8CB10EB-371B-409C-97D3-3823D0281CB8}"
EndProject
Project("{FAE04EC0-301F-11D3-BF4B-00C04F79EFBC}") = "BookShop.Startup", "BookShop.Startup\BookShop.Startup.csproj", "{98ECA4F2-D02E-46B5-8170-52DFC6FB7086}"
EndProject
Project("{FAE04EC0-301F-11D3-BF4B-00C04F79EFBC}") = "BookShop.Web", "BookShop.Web\BookShop.Web.csproj", "{1B5D62EE-C01E-40E2-ABD2-8E9753B6D156}"
EndProject
Global
	GlobalSection(SolutionConfigurationPlatforms) = preSolution
		Debug|Any CPU = Debug|Any CPU
		Release|Any CPU = Release|Any CPU
	EndGlobalSection
	GlobalSection(ProjectConfigurationPlatforms) = postSolution
		{DB2C5B28-CE46-4145-A988-13C85F840E5D}.Debug|Any CPU.ActiveCfg = Debug|Any CPU
		{DB2C5B28-CE46-4145-A988-13C85F840E5D}.Debug|Any CPU.Build.0 = Debug|Any CPU
		{DB2C5B28-CE46-4145-A988-13C85F840E5D}.Release|Any CPU.ActiveCfg = Release|Any CPU
		{DB2C5B28-CE46-4145-A988-13C85F840E5D}.Release|Any CPU.Build.0 = Release|Any CPU
		{0A169A69-4E8E-4F89-ABC9-60141A0F268C}.Debug|Any CPU.ActiveCfg = Debug|Any CPU
		{0A169A69-4E8E-4F89-ABC9-60141A0F268C}.Debug|Any CPU.Build.0 = Debug|Any CPU
		{0A169A69-4E8E-4F89-ABC9-60141A0F268C}.Release|Any CPU.ActiveCfg = Release|Any CPU
		{0A169A69-4E8E-4F89-ABC9-60141A0F268C}.Release|Any CPU.Build.0 = Release|Any CPU
		{F8CB10EB-371B-409C-97D3-3823D0281CB8}.Debug|Any CPU.ActiveCfg = Debug|Any CPU
		{F8CB10EB-371B-409C-97D3-3823D0281CB8}.Debug|Any CPU.Build.0 = Debug|Any CPU
		{F8CB10EB-371B-409C-97D3-3823D0281CB8}.Release|Any CPU.ActiveCfg = Release|Any CPU
		{F8CB10EB-371B-409C-97D3-3823D0281CB8}.Release|Any CPU.Build.0 = Release|Any CPU
		{98ECA4F2-D02E-46B5-8170-52DFC6FB7086}.Debug|Any CPU.ActiveCfg = Debug|Any CPU
		{98ECA4F2-D02E-46B5-8170-52DFC6FB7086}.Debug|Any CPU.Build.0 = Debug|Any CPU
		{98ECA4F2-D02E-46B5-8170-52DFC6FB7086}.Release|Any CPU.ActiveCfg = Release|Any CPU
		{98ECA4F2-D02E-46B5-8170-52DFC6FB7086}.Release|Any CPU.Build.0 = Release|Any CPU
		{1B5D62EE-C01E-40E2-ABD2-8E9753B6D156}.Debug|Any CPU.ActiveCfg = Debug|Any CPU
		{1B5D62EE-C01E-40E2-ABD2-8E9753B6D156}.Debug|Any CPU.Build.0 = Debug|Any CPU
		{1B5D62EE-C01E-40E2-ABD2-8E9753B6D156}.Release|Any CPU.ActiveCfg = Release|Any CPU
		{1B5D62EE-C01E-40E2-ABD2-8E9753B6D156}.Release|Any CPU.Build.0 = Release|Any CPU
	EndGlobalSection
	GlobalSection(SolutionProperties) = preSolution
		HideSolutionNode = FALSE
	EndGlobalSection
	GlobalSection(ExtensibilityGlobals) = postSolution
		SolutionGuid = {ED2D57DC-4F8A-4B7D-AD6B-3DF59B95925B}
	EndGlobalSection
EndGlobal
